# THIS IS AN AUTOGENERATED FILE. DO NOT EDIT THIS FILE DIRECTLY.
# yarn lockfile v1


jwt@^0.2.0:
  version "0.2.0"
  resolved "https://registry.yarnpkg.com/jwt/-/jwt-0.2.0.tgz#4c9ad46bc84bfeaf91556ecce7c57aa578cbc8b8"
  integrity sha512-+lsJgK3p+dr7yCHO19Ap2uFh+pMSCayPRGjWmf3kYCnYfO+1kqz4DqA8s65HKYIrw5c2NBo+dEvzoZUco09j4Q==
  dependencies:
    node-base64 "0.0.1"

node-base64@0.0.1:
  version "0.0.1"
  resolved "https://registry.yarnpkg.com/node-base64/-/node-base64-0.0.1.tgz#ee3e095f97e9f4d72fb3dea98bcb2d25c8716b03"
  integrity sha512-lzWZQXvK7O1g5aKPCTYQJFGJc3MToEMlGmhXN+2UtkRYQz0OiWHoSMkfqQedUYCwWnixvsauH/IFsaFkrspjYQ==
